Microsoft Visual Studio Solution File, Format Version 12.00
# Visual Studio Version 17
VisualStudioVersion = 17.5.2.0
MinimumVisualStudioVersion = 10.0.40219.1
Project("{FAE04EC0-301F-11D3-BF4B-00C04F79EFBC}") = "GameStore.Backend", "GameStore.Backend.csproj", "{0ABECED5-516C-AB23-97B7-4C754A88AA58}"
EndProject
Global
	GlobalSection(SolutionConfigurationPlatforms) = preSolution
		Debug|Any CPU = Debug|Any CPU
		Release|Any CPU = Release|Any CPU
	EndGlobalSection
	GlobalSection(ProjectConfigurationPlatforms) = postSolution
		{0ABECED5-516C-AB23-97B7-4C754A88AA58}.Debug|Any CPU.ActiveCfg = Debug|Any CPU
		{0ABECED5-516C-AB23-97B7-4C754A88AA58}.Debug|Any CPU.Build.0 = Debug|Any CPU
		{0ABECED5-516C-AB23-97B7-4C754A88AA58}.Release|Any CPU.ActiveCfg = Release|Any CPU
		{0ABECED5-516C-AB23-97B7-4C754A88AA58}.Release|Any CPU.Build.0 = Release|Any CPU
	EndGlobalSection
	GlobalSection(SolutionProperties) = preSolution
		HideSolutionNode = FALSE
	EndGlobalSection
	GlobalSection(ExtensibilityGlobals) = postSolution
		SolutionGuid = {8F2E5142-A97E-42DF-A3F0-1F4308C00CC7}
	EndGlobalSection
EndGlobal
